
Microsoft Visual Studio Solution File, Format Version 12.00
# Visual Studio Version 16
VisualStudioVersion = 16.0.31624.102
MinimumVisualStudioVersion = 10.0.40219.1
Project("{FAE04EC0-301F-11D3-BF4B-00C04F79EFBC}") = "CadastroDePessoas", "CadastroDePessoas\CadastroDePessoas.csproj", "{648BA24C-E93B-45A8-8242-AF820BFBA52D}"
EndProject
Global
	GlobalSection(SolutionConfigurationPlatforms) = preSolution
		Debug|Any CPU = Debug|Any CPU
		Release|Any CPU = Release|Any CPU
	EndGlobalSection
	GlobalSection(ProjectConfigurationPlatforms) = postSolution
		{648BA24C-E93B-45A8-8242-AF820BFBA52D}.Debug|Any CPU.ActiveCfg = Debug|Any CPU
		{648BA24C-E93B-45A8-8242-AF820BFBA52D}.Debug|Any CPU.Build.0 = Debug|Any CPU
		{648BA24C-E93B-45A8-8242-AF820BFBA52D}.Release|Any CPU.ActiveCfg = Release|Any CPU
		{648BA24C-E93B-45A8-8242-AF820BFBA52D}.Release|Any CPU.Build.0 = Release|Any CPU
	EndGlobalSection
	GlobalSection(SolutionProperties) = preSolution
		HideSolutionNode = FALSE
	EndGlobalSection
	GlobalSection(ExtensibilityGlobals) = postSolution
		SolutionGuid = {6BB42071-2874-466E-B68F-6BD5162189D4}
	EndGlobalSection
EndGlobal
